
Microsoft Visual Studio Solution File, Format Version 12.00
# Visual Studio 15
VisualStudioVersion = 15.0.28307.705
MinimumVisualStudioVersion = 10.0.40219.1
Project("{F184B08F-C81C-45F6-A57F-5ABD9991F28F}") = "MyASCIICharacterGenerator", "MyASCIICharacterGenerator\MyASCIICharacterGenerator.vbproj", "{0F0ABEB5-557F-4795-959F-B968C9B64713}"
EndProject
Global
	GlobalSection(SolutionConfigurationPlatforms) = preSolution
		Debug|Any CPU = Debug|Any CPU
		Release|Any CPU = Release|Any CPU
	EndGlobalSection
	GlobalSection(ProjectConfigurationPlatforms) = postSolution
		{0F0ABEB5-557F-4795-959F-B968C9B64713}.Debug|Any CPU.ActiveCfg = Debug|Any CPU
		{0F0ABEB5-557F-4795-959F-B968C9B64713}.Debug|Any CPU.Build.0 = Debug|Any CPU
		{0F0ABEB5-557F-4795-959F-B968C9B64713}.Release|Any CPU.ActiveCfg = Release|Any CPU
		{0F0ABEB5-557F-4795-959F-B968C9B64713}.Release|Any CPU.Build.0 = Release|Any CPU
	EndGlobalSection
	GlobalSection(SolutionProperties) = preSolution
		HideSolutionNode = FALSE
	EndGlobalSection
	GlobalSection(ExtensibilityGlobals) = postSolution
		SolutionGuid = {90F72F25-6F81-4062-AF20-FA011376E596}
	EndGlobalSection
EndGlobal
